{
  "requires": true,
  "lockfileVersion": 1,
  "dependencies": {
    "leaflet.marker.highlight": {
      "version": "0.0.3",
      "resolved": "https://registry.npmjs.org/leaflet.marker.highlight/-/leaflet.marker.highlight-0.0.3.tgz",
      "integrity": "sha1-x4gYZsUrcIyO7c9UCCrPYt/deNQ="
    }
  }
}
